
Microsoft Visual Studio Solution File, Format Version 12.00
# Visual Studio Version 16
VisualStudioVersion = 16.0.31624.102
MinimumVisualStudioVersion = 10.0.40219.1
Project("{FAE04EC0-301F-11D3-BF4B-00C04F79EFBC}") = "CoreDemo", "CoreDemo\CoreDemo.csproj", "{DDF51EFE-2A0F-46B2-B845-7CA3304AF937}"
EndProject
Project("{FAE04EC0-301F-11D3-BF4B-00C04F79EFBC}") = "EntityLayer", "EntityLayer\EntityLayer.csproj", "{94047537-7B84-4BB9-A34E-1487E8205AF3}"
EndProject
Project("{FAE04EC0-301F-11D3-BF4B-00C04F79EFBC}") = "DataAcessLayer", "DataAcessLayer\DataAcessLayer.csproj", "{3A339AAF-B983-4956-AED5-B4EEBD62BF9B}"
EndProject
Project("{FAE04EC0-301F-11D3-BF4B-00C04F79EFBC}") = "BusinessLayer", "BusinessLayer\BusinessLayer.csproj", "{F5468966-CFF8-4D82-9830-4F41C9A2621D}"
EndProject
Project("{FAE04EC0-301F-11D3-BF4B-00C04F79EFBC}") = "CoreLayer", "CoreLayer\CoreLayer.csproj", "{D6842BE2-EB2A-4A0B-81A3-F39804D8803B}"
EndProject
Global
	GlobalSection(SolutionConfigurationPlatforms) = preSolution
		Debug|Any CPU = Debug|Any CPU
		Release|Any CPU = Release|Any CPU
	EndGlobalSection
	GlobalSection(ProjectConfigurationPlatforms) = postSolution
		{DDF51EFE-2A0F-46B2-B845-7CA3304AF937}.Debug|Any CPU.ActiveCfg = Debug|Any CPU
		{DDF51EFE-2A0F-46B2-B845-7CA3304AF937}.Debug|Any CPU.Build.0 = Debug|Any CPU
		{DDF51EFE-2A0F-46B2-B845-7CA3304AF937}.Release|Any CPU.ActiveCfg = Release|Any CPU
		{DDF51EFE-2A0F-46B2-B845-7CA3304AF937}.Release|Any CPU.Build.0 = Release|Any CPU
		{94047537-7B84-4BB9-A34E-1487E8205AF3}.Debug|Any CPU.ActiveCfg = Debug|Any CPU
		{94047537-7B84-4BB9-A34E-1487E8205AF3}.Debug|Any CPU.Build.0 = Debug|Any CPU
		{94047537-7B84-4BB9-A34E-1487E8205AF3}.Release|Any CPU.ActiveCfg = Release|Any CPU
		{94047537-7B84-4BB9-A34E-1487E8205AF3}.Release|Any CPU.Build.0 = Release|Any CPU
		{3A339AAF-B983-4956-AED5-B4EEBD62BF9B}.Debug|Any CPU.ActiveCfg = Debug|Any CPU
		{3A339AAF-B983-4956-AED5-B4EEBD62BF9B}.Debug|Any CPU.Build.0 = Debug|Any CPU
		{3A339AAF-B983-4956-AED5-B4EEBD62BF9B}.Release|Any CPU.ActiveCfg = Release|Any CPU
		{3A339AAF-B983-4956-AED5-B4EEBD62BF9B}.Release|Any CPU.Build.0 = Release|Any CPU
		{F5468966-CFF8-4D82-9830-4F41C9A2621D}.Debug|Any CPU.ActiveCfg = Debug|Any CPU
		{F5468966-CFF8-4D82-9830-4F41C9A2621D}.Debug|Any CPU.Build.0 = Debug|Any CPU
		{F5468966-CFF8-4D82-9830-4F41C9A2621D}.Release|Any CPU.ActiveCfg = Release|Any CPU
		{F5468966-CFF8-4D82-9830-4F41C9A2621D}.Release|Any CPU.Build.0 = Release|Any CPU
		{D6842BE2-EB2A-4A0B-81A3-F39804D8803B}.Debug|Any CPU.ActiveCfg = Debug|Any CPU
		{D6842BE2-EB2A-4A0B-81A3-F39804D8803B}.Debug|Any CPU.Build.0 = Debug|Any CPU
		{D6842BE2-EB2A-4A0B-81A3-F39804D8803B}.Release|Any CPU.ActiveCfg = Release|Any CPU
		{D6842BE2-EB2A-4A0B-81A3-F39804D8803B}.Release|Any CPU.Build.0 = Release|Any CPU
	EndGlobalSection
	GlobalSection(SolutionProperties) = preSolution
		HideSolutionNode = FALSE
	EndGlobalSection
	GlobalSection(ExtensibilityGlobals) = postSolution
		SolutionGuid = {76B949EB-D470-4A2F-BF66-EBBB8A5C4114}
	EndGlobalSection
EndGlobal
